{
  "name": "openimago",
  "lockfileVersion": 3,
  "requires": true,
  "packages": {
    "": {
      "name": "openimago",
      "workspaces": [
        "packages/openimago",
        "packages/web"
      ]
    },
    "node_modules/@openimago/backend": {
      "resolved": "packages/openimago",
      "link": true
    },
    "node_modules/openimgo": {
      "resolved": "packages/web",
      "link": true
    },
    "packages/openimago": {
      "name": "@openimago/backend",
      "dependencies": {
        "@opencode-ai/sdk": "^1.15.5",
        "drizzle-orm": "^0.45.2",
        "effect": "^3.21.2",
        "hono": "^4.12.19",
        "jose": "^6.2.3",
        "nanoid": "3",
        "pino": "^10.3.1",
        "pino-pretty": "^13.1.3",
        "postgres": "^3.4.9"
      },
      "devDependencies": {
        "@types/bun": "latest"
      },
      "peerDependencies": {
        "typescript": "^5"
      }
    },
    "packages/openimago/node_modules/@opencode-ai/sdk": {},
    "packages/openimago/node_modules/@types/bun": {
      "dev": true
    },
    "packages/openimago/node_modules/drizzle-orm": {},
    "packages/openimago/node_modules/effect": {},
    "packages/openimago/node_modules/hono": {},
    "packages/openimago/node_modules/jose": {},
    "packages/openimago/node_modules/nanoid": {},
    "packages/openimago/node_modules/pino": {},
    "packages/openimago/node_modules/pino-pretty": {},
    "packages/openimago/node_modules/postgres": {},
    "packages/openimago/node_modules/typescript": {
      "peer": true
    },
    "packages/web": {
      "name": "openimgo",
      "version": "0.0.1",
      "dependencies": {
        "@opencode-ai/sdk": "^1.15.5",
        "@quasar/extras": "^1.16.4",
        "markstream-vue": "^0.0.7-beta.7",
        "pinia": "^3.0.1",
        "quasar": "^2.16.0",
        "vue": "^3.5.22",
        "vue-i18n": "^11.3.0",
        "vue-router": "^5.0.3"
      },
      "devDependencies": {
        "@eslint/js": "^9.39.4",
        "@intlify/unplugin-vue-i18n": "^11.0.0",
        "@quasar/app-vite": "^2.5.1",
        "@types/node": "^22.19.11",
        "@vitejs/plugin-vue": "^6.0.7",
        "@vue/eslint-config-prettier": "^10.2.0",
        "@vue/eslint-config-typescript": "^14.7.0",
        "@vue/test-utils": "^2.4.10",
        "autoprefixer": "^10.4.27",
        "eslint": "^9.39.4",
        "eslint-plugin-vue": "^10.8.0",
        "globals": "^17.4.0",
        "happy-dom": "^20.9.0",
        "prettier": "^3.8.1",
        "typescript": "^5.9.3",
        "vite-plugin-checker": "^0.12.0",
        "vitest": "^4.1.6",
        "vue-eslint-parser": "^10.4.0",
        "vue-tsc": "^3.2.6"
      },
      "engines": {
        "node": "^28 || ^26 || ^24 || ^22.12",
        "npm": ">= 6.13.4",
        "pnpm": ">= 10.0.0",
        "yarn": ">= 1.21.1"
      }
    },
    "packages/web/node_modules/@eslint/js": {
      "dev": true
    },
    "packages/web/node_modules/@intlify/unplugin-vue-i18n": {
      "dev": true
    },
    "packages/web/node_modules/@opencode-ai/sdk": {},
    "packages/web/node_modules/@quasar/app-vite": {
      "dev": true
    },
    "packages/web/node_modules/@quasar/extras": {},
    "packages/web/node_modules/@types/node": {
      "dev": true
    },
    "packages/web/node_modules/@vitejs/plugin-vue": {
      "dev": true
    },
    "packages/web/node_modules/@vue/eslint-config-prettier": {
      "dev": true
    },
    "packages/web/node_modules/@vue/eslint-config-typescript": {
      "dev": true
    },
    "packages/web/node_modules/@vue/test-utils": {
      "dev": true
    },
    "packages/web/node_modules/autoprefixer": {
      "dev": true
    },
    "packages/web/node_modules/eslint": {
      "dev": true
    },
    "packages/web/node_modules/eslint-plugin-vue": {
      "dev": true
    },
    "packages/web/node_modules/globals": {
      "dev": true
    },
    "packages/web/node_modules/happy-dom": {
      "dev": true
    },
    "packages/web/node_modules/markstream-vue": {},
    "packages/web/node_modules/pinia": {},
    "packages/web/node_modules/prettier": {
      "dev": true
    },
    "packages/web/node_modules/quasar": {},
    "packages/web/node_modules/typescript": {
      "dev": true
    },
    "packages/web/node_modules/vite-plugin-checker": {
      "dev": true
    },
    "packages/web/node_modules/vitest": {
      "dev": true
    },
    "packages/web/node_modules/vue": {},
    "packages/web/node_modules/vue-eslint-parser": {
      "dev": true
    },
    "packages/web/node_modules/vue-i18n": {},
    "packages/web/node_modules/vue-router": {},
    "packages/web/node_modules/vue-tsc": {
      "dev": true
    }
  }
}
